[[package]]
name = "asgiref"
version = "3.4.1"
description = "ASGI specs, helper code, and adapters"
category = "main"
optional = false
python-versions = ">=3.6"

[package.extras]
tests = ["pytest", "pytest-asyncio", "mypy (>=0.800)"]

[[package]]
name = "boto3"
version = "1.20.37"
description = "The AWS SDK for Python"
category = "main"
optional = false
python-versions = ">= 3.6"

[package.dependencies]
botocore = ">=1.23.37,<1.24.0"
jmespath = ">=0.7.1,<1.0.0"
s3transfer = ">=0.5.0,<0.6.0"

[package.extras]
crt = ["botocore[crt] (>=1.21.0,<2.0a0)"]

[[package]]
name = "botocore"
version = "1.23.37"
description = "Low-level, data-driven core of boto 3."
category = "main"
optional = false
python-versions = ">= 3.6"

[package.dependencies]
jmespath = ">=0.7.1,<1.0.0"
python-dateutil = ">=2.1,<3.0.0"
urllib3 = ">=1.25.4,<1.27"

[package.extras]
crt = ["awscrt (==0.12.5)"]

[[package]]
name = "certifi"
version = "2021.10.8"
description = "Python package for providing Mozilla's CA Bundle."
category = "main"
optional = false
python-versions = "*"

[[package]]
name = "charset-normalizer"
version = "2.0.7"
description = "The Real First Universal Charset Detector. Open, modern and actively maintained alternative to Chardet."
category = "main"
optional = false
python-versions = ">=3.5.0"

[package.extras]
unicode_backport = ["unicodedata2"]

[[package]]
name = "cloudinary"
version = "1.28.0"
description = "Python and Django SDK for Cloudinary"
category = "main"
optional = false
python-versions = "*"

[package.dependencies]
certifi = "*"
six = "*"
urllib3 = "*"

[[package]]
name = "django"
version = "3.2.9"
description = "A high-level Python Web framework that encourages rapid development and clean, pragmatic design."
category = "main"
optional = false
python-versions = ">=3.6"

[package.dependencies]
asgiref = ">=3.3.2,<4"
pytz = "*"
sqlparse = ">=0.2.2"

[package.extras]
argon2 = ["argon2-cffi (>=19.1.0)"]
bcrypt = ["bcrypt"]

[[package]]
name = "django-autoslug"
version = "1.9.8"
description = "An automated slug field for Django."
category = "main"
optional = false
python-versions = "*"

[package.extras]
cyrillic = ["pytils (>=0.2)"]
translitcodec = ["translitcodec (>=0.3)"]

[[package]]
name = "django-storages"
version = "1.12.3"
description = "Support for many storage backends in Django"
category = "main"
optional = false
python-versions = ">=3.5"

[package.dependencies]
Django = ">=2.2"

[package.extras]
azure = ["azure-storage-blob (>=12.0.0)"]
boto3 = ["boto3 (>=1.4.4)"]
dropbox = ["dropbox (>=7.2.1)"]
google = ["google-cloud-storage (>=1.27.0)"]
libcloud = ["apache-libcloud"]
sftp = ["paramiko"]

[[package]]
name = "djangorestframework"
version = "3.12.4"
description = "Web APIs for Django, made easy."
category = "main"
optional = false
python-versions = ">=3.5"

[package.dependencies]
django = ">=2.2"

[[package]]
name = "djangorestframework-simplejwt"
version = "4.8.0"
description = "A minimal JSON Web Token authentication plugin for Django REST Framework"
category = "main"
optional = false
python-versions = ">=3.7"

[package.dependencies]
django = "*"
djangorestframework = "*"
pyjwt = ">=2,<3"

[package.extras]
dev = ["pytest-watch", "wheel", "twine", "ipython", "cryptography", "pytest-cov", "pytest-django", "pytest-xdist", "pytest", "tox", "flake8", "pep8", "isort", "Sphinx (>=1.6.5,<2)", "sphinx-rtd-theme (>=0.1.9)", "python-jose (==3.0.0)"]
doc = ["Sphinx (>=1.6.5,<2)", "sphinx-rtd-theme (>=0.1.9)"]
lint = ["flake8", "pep8", "isort"]
python-jose = ["python-jose (==3.0.0)"]
test = ["cryptography", "pytest-cov", "pytest-django", "pytest-xdist", "pytest", "tox"]

[[package]]
name = "html2text"
version = "2020.1.16"
description = "Turn HTML into equivalent Markdown-structured text."
category = "main"
optional = false
python-versions = ">=3.5"

[[package]]
name = "idna"
version = "3.3"
description = "Internationalized Domain Names in Applications (IDNA)"
category = "main"
optional = false
python-versions = ">=3.5"

[[package]]
name = "install"
version = "1.3.4"
description = "Install packages from within code"
category = "main"
optional = false
python-versions = ">=2.7, >=3.5"

[[package]]
name = "itsdangerous"
version = "2.0.1"
description = "Safely pass data to untrusted environments and back."
category = "main"
optional = false
python-versions = ">=3.6"

[[package]]
name = "jmespath"
version = "0.10.0"
description = "JSON Matching Expressions"
category = "main"
optional = false
python-versions = ">=2.6, !=3.0.*, !=3.1.*, !=3.2.*"

[[package]]
name = "psycopg2-binary"
version = "2.9.2"
description = "psycopg2 - Python-PostgreSQL Database Adapter"
category = "main"
optional = false
python-versions = ">=3.6"

[[package]]
name = "pyjwt"
version = "2.3.0"
description = "JSON Web Token implementation in Python"
category = "main"
optional = false
python-versions = ">=3.6"

[package.extras]
crypto = ["cryptography (>=3.3.1)"]
dev = ["sphinx", "sphinx-rtd-theme", "zope.interface", "cryptography (>=3.3.1)", "pytest (>=6.0.0,<7.0.0)", "coverage[toml] (==5.0.4)", "mypy", "pre-commit"]
docs = ["sphinx", "sphinx-rtd-theme", "zope.interface"]
tests = ["pytest (>=6.0.0,<7.0.0)", "coverage[toml] (==5.0.4)"]

[[package]]
name = "python-dateutil"
version = "2.8.2"
description = "Extensions to the standard Python datetime module"
category = "main"
optional = false
python-versions = "!=3.0.*,!=3.1.*,!=3.2.*,>=2.7"

[package.dependencies]
six = ">=1.5"

[[package]]
name = "python-dotenv"
version = "0.19.2"
description = "Read key-value pairs from a .env file and set them as environment variables"
category = "main"
optional = false
python-versions = ">=3.5"

[package.extras]
cli = ["click (>=5.0)"]

[[package]]
name = "python-slugify"
version = "5.0.2"
description = "A Python Slugify application that handles Unicode"
category = "main"
optional = false
python-versions = ">=3.6"

[package.dependencies]
text-unidecode = ">=1.3"

[package.extras]
unidecode = ["Unidecode (>=1.1.1)"]

[[package]]
name = "pytz"
version = "2021.3"
description = "World timezone definitions, modern and historical"
category = "main"
optional = false
python-versions = "*"

[[package]]
name = "requests"
version = "2.26.0"
description = "Python HTTP for Humans."
category = "main"
optional = false
python-versions = ">=2.7, !=3.0.*, !=3.1.*, !=3.2.*, !=3.3.*, !=3.4.*, !=3.5.*"

[package.dependencies]
certifi = ">=2017.4.17"
charset-normalizer = {version = ">=2.0.0,<2.1.0", markers = "python_version >= \"3\""}
idna = {version = ">=2.5,<4", markers = "python_version >= \"3\""}
urllib3 = ">=1.21.1,<1.27"

[package.extras]
socks = ["PySocks (>=1.5.6,!=1.5.7)", "win-inet-pton"]
use_chardet_on_py3 = ["chardet (>=3.0.2,<5)"]

[[package]]
name = "s3transfer"
version = "0.5.0"
description = "An Amazon S3 Transfer Manager"
category = "main"
optional = false
python-versions = ">= 3.6"

[package.dependencies]
botocore = ">=1.12.36,<2.0a.0"

[package.extras]
crt = ["botocore[crt] (>=1.20.29,<2.0a.0)"]

[[package]]
name = "six"
version = "1.16.0"
description = "Python 2 and 3 compatibility utilities"
category = "main"
optional = false
python-versions = ">=2.7, !=3.0.*, !=3.1.*, !=3.2.*"

[[package]]
name = "sqlparse"
version = "0.4.2"
description = "A non-validating SQL parser."
category = "main"
optional = false
python-versions = ">=3.5"

[[package]]
name = "text-unidecode"
version = "1.3"
description = "The most basic Text::Unidecode port"
category = "main"
optional = false
python-versions = "*"

[[package]]
name = "urllib3"
version = "1.26.7"
description = "HTTP library with thread-safe connection pooling, file post, and more."
category = "main"
optional = false
python-versions = ">=2.7, !=3.0.*, !=3.1.*, !=3.2.*, !=3.3.*, !=3.4.*, <4"

[package.extras]
brotli = ["brotlipy (>=0.6.0)"]
secure = ["pyOpenSSL (>=0.14)", "cryptography (>=1.3.4)", "idna (>=2.0.0)", "certifi", "ipaddress"]
socks = ["PySocks (>=1.5.6,!=1.5.7,<2.0)"]

[metadata]
lock-version = "1.1"
python-versions = "^3.8"
content-hash = "b6fa138f2580380bf551ce2d0112e0b2f4c6671ab66eb3e0c14c13005d6284e1"

[metadata.files]
asgiref = [
    {file = "asgiref-3.4.1-py3-none-any.whl", hash = "sha256:ffc141aa908e6f175673e7b1b3b7af4fdb0ecb738fc5c8b88f69f055c2415214"},
    {file = "asgiref-3.4.1.tar.gz", hash = "sha256:4ef1ab46b484e3c706329cedeff284a5d40824200638503f5768edb6de7d58e9"},
]
boto3 = [
    {file = "boto3-1.20.37-py3-none-any.whl", hash = "sha256:55c7004af4296648ee497417dfc454d9c39770c265f67e28e1c5f10e11f3b644"},
    {file = "boto3-1.20.37.tar.gz", hash = "sha256:0e2f8aa8ee71f144d8afbe9ff7d0bb40525b94535e0695bdb200687970c9f452"},
]
botocore = [
    {file = "botocore-1.23.37-py3-none-any.whl", hash = "sha256:9ea3eb6e507684900418ad100e5accd1d98979d41c49bacf15f970f0d72f75d4"},
    {file = "botocore-1.23.37.tar.gz", hash = "sha256:f3077f1ca19e6ab6b7a84c61e01e136a97c7732078a8d806908aee44f1042f5f"},
]
certifi = [
    {file = "certifi-2021.10.8-py2.py3-none-any.whl", hash = "sha256:d62a0163eb4c2344ac042ab2bdf75399a71a2d8c7d47eac2e2ee91b9d6339569"},
    {file = "certifi-2021.10.8.tar.gz", hash = "sha256:78884e7c1d4b00ce3cea67b44566851c4343c120abd683433ce934a68ea58872"},
]
charset-normalizer = [
    {file = "charset-normalizer-2.0.7.tar.gz", hash = "sha256:e019de665e2bcf9c2b64e2e5aa025fa991da8720daa3c1138cadd2fd1856aed0"},
    {file = "charset_normalizer-2.0.7-py3-none-any.whl", hash = "sha256:f7af805c321bfa1ce6714c51f254e0d5bb5e5834039bc17db7ebe3a4cec9492b"},
]
cloudinary = [
    {file = "cloudinary-1.28.0.tar.gz", hash = "sha256:9848d197857ab21b8e1d39e23cccae335127d96297f7ea638e0e6898a7db73c8"},
]
django = [
    {file = "Django-3.2.9-py3-none-any.whl", hash = "sha256:e22c9266da3eec7827737cde57694d7db801fedac938d252bf27377cec06ed1b"},
    {file = "Django-3.2.9.tar.gz", hash = "sha256:51284300f1522ffcdb07ccbdf676a307c6678659e1284f0618e5a774127a6a08"},
]
django-autoslug = [
    {file = "django-autoslug-1.9.8.tar.gz", hash = "sha256:bae66c27d35615f472865b99c4d107f3b3add3d22ee337e84960fc07694abd45"},
    {file = "django_autoslug-1.9.8-py2.py3-none-any.whl", hash = "sha256:26459eeddec207e307c55777a10fc25d17f4978753695340b16a17ed248a6f70"},
]
django-storages = [
    {file = "django-storages-1.12.3.tar.gz", hash = "sha256:a475edb2f0f04c4f7e548919a751ecd50117270833956ed5bd585c0575d2a5e7"},
    {file = "django_storages-1.12.3-py3-none-any.whl", hash = "sha256:204a99f218b747c46edbfeeb1310d357f83f90fa6a6024d8d0a3f422570cee84"},
]
djangorestframework = [
    {file = "djangorestframework-3.12.4-py3-none-any.whl", hash = "sha256:6d1d59f623a5ad0509fe0d6bfe93cbdfe17b8116ebc8eda86d45f6e16e819aaf"},
    {file = "djangorestframework-3.12.4.tar.gz", hash = "sha256:f747949a8ddac876e879190df194b925c177cdeb725a099db1460872f7c0a7f2"},
]
djangorestframework-simplejwt = [
    {file = "djangorestframework_simplejwt-4.8.0-py3-none-any.whl", hash = "sha256:6f09f97cb015265e85d1d02dc6bfc299c72c231eecbe261c5bee5c6b2867f2b4"},
    {file = "djangorestframework_simplejwt-4.8.0.tar.gz", hash = "sha256:153c973c5c154baf566be431de8527c2bd62557fde7373ebcb0f02b73b28e07a"},
]
html2text = [
    {file = "html2text-2020.1.16-py3-none-any.whl", hash = "sha256:c7c629882da0cf377d66f073329ccf34a12ed2adf0169b9285ae4e63ef54c82b"},
    {file = "html2text-2020.1.16.tar.gz", hash = "sha256:e296318e16b059ddb97f7a8a1d6a5c1d7af4544049a01e261731d2d5cc277bbb"},
]
idna = [
    {file = "idna-3.3-py3-none-any.whl", hash = "sha256:84d9dd047ffa80596e0f246e2eab0b391788b0503584e8945f2368256d2735ff"},
    {file = "idna-3.3.tar.gz", hash = "sha256:9d643ff0a55b762d5cdb124b8eaa99c66322e2157b69160bc32796e824360e6d"},
]
install = [
    {file = "install-1.3.4-py3-none-any.whl", hash = "sha256:dfec614e0cc90f00659067a078bc2ec032d9f0758f3df230c073eeaffd0cefa1"},
    {file = "install-1.3.4.tar.gz", hash = "sha256:1455304a2475b6753a9b0c28243ca7d8b7d71aeea1a88e6de94034fc57d765a0"},
]
itsdangerous = [
    {file = "itsdangerous-2.0.1-py3-none-any.whl", hash = "sha256:5174094b9637652bdb841a3029700391451bd092ba3db90600dea710ba28e97c"},
    {file = "itsdangerous-2.0.1.tar.gz", hash = "sha256:9e724d68fc22902a1435351f84c3fb8623f303fffcc566a4cb952df8c572cff0"},
]
jmespath = [
    {file = "jmespath-0.10.0-py2.py3-none-any.whl", hash = "sha256:cdf6525904cc597730141d61b36f2e4b8ecc257c420fa2f4549bac2c2d0cb72f"},
    {file = "jmespath-0.10.0.tar.gz", hash = "sha256:b85d0567b8666149a93172712e68920734333c0ce7e89b78b3e987f71e5ed4f9"},
]
psycopg2-binary = [
    {file = "psycopg2-binary-2.9.2.tar.gz", hash = "sha256:234b1f48488b2f86aac04fb00cb04e5e9bcb960f34fa8a8e41b73149d581a93b"},
    {file = "psycopg2_binary-2.9.2-cp310-cp310-macosx_10_14_x86_64.macosx_10_9_intel.macosx_10_9_x86_64.macosx_10_10_intel.macosx_10_10_x86_64.whl", hash = "sha256:c0e1fb7097ded2cc44d9037cfc68ad86a30341261492e7de95d180e534969fb2"},
    {file = "psycopg2_binary-2.9.2-cp310-cp310-manylinux_2_17_i686.manylinux2014_i686.whl", hash = "sha256:717525cdc97b23182ff6f470fb5bf6f0bc796b5a7000c6f6699d6679991e4a5e"},
    {file = "psycopg2_binary-2.9.2-cp310-cp310-manylinux_2_17_x86_64.manylinux2014_x86_64.whl", hash = "sha256:3865d0cd919349c45603bd7e80249a382c5ecf8106304cfd153282adf9684b6a"},
    {file = "psycopg2_binary-2.9.2-cp310-cp310-manylinux_2_24_aarch64.whl", hash = "sha256:daf6b5c62eb738872d61a1fa740d7768904911ba5a7e055ed72169d379b58beb"},
    {file = "psycopg2_binary-2.9.2-cp310-cp310-manylinux_2_24_ppc64le.whl", hash = "sha256:3ac83656ff4fbe7f2a956ab085e3eb1d678df54759965d509bdd6a06ce520d49"},
    {file = "psycopg2_binary-2.9.2-cp310-cp310-win32.whl", hash = "sha256:a04cfa231e7d9b63639e62166a4051cb47ca599fa341463fa3e1c48585fcee64"},
    {file = "psycopg2_binary-2.9.2-cp310-cp310-win_amd64.whl", hash = "sha256:c6e16e085fe6dc6c099ee0be56657aa9ad71027465ef9591d302ba230c404c7e"},
    {file = "psycopg2_binary-2.9.2-cp36-cp36m-macosx_10_14_x86_64.macosx_10_9_intel.macosx_10_9_x86_64.macosx_10_10_intel.macosx_10_10_x86_64.whl", hash = "sha256:53912199abb626a7249c662e72b70b4f57bf37f840599cec68625171435790dd"},
    {file = "psycopg2_binary-2.9.2-cp36-cp36m-manylinux_2_17_i686.manylinux2014_i686.whl", hash = "sha256:029e09a892b9ebc3c77851f69ce0720e1b72a9c6850460cee49b14dfbf9ccdd2"},
    {file = "psycopg2_binary-2.9.2-cp36-cp36m-manylinux_2_17_x86_64.manylinux2014_x86_64.whl", hash = "sha256:db1b03c189f85b8df29030ad32d521dd7dcb862fd5f8892035314f5b886e70ce"},
    {file = "psycopg2_binary-2.9.2-cp36-cp36m-manylinux_2_24_aarch64.whl", hash = "sha256:2eecbdc5fa5886f2dd6cc673ce4291cc0fb8900965315268960ad9c2477f8276"},
    {file = "psycopg2_binary-2.9.2-cp36-cp36m-manylinux_2_24_ppc64le.whl", hash = "sha256:a77e98c68b0e6c51d4d6a994d22b30e77276cbd33e4aabdde03b9ad3a2c148aa"},
    {file = "psycopg2_binary-2.9.2-cp36-cp36m-win32.whl", hash = "sha256:bf31e6fdb4ec1f6d98a07f48836508ed6edd19b48b13bbf168fbc1bd014b4ca2"},
    {file = "psycopg2_binary-2.9.2-cp36-cp36m-win_amd64.whl", hash = "sha256:f9c37ecb173d76cf49e519133fd70851b8f9c38b6b8c1cb7fcfc71368d4cc6fc"},
    {file = "psycopg2_binary-2.9.2-cp37-cp37m-macosx_10_14_x86_64.macosx_10_9_intel.macosx_10_9_x86_64.macosx_10_10_intel.macosx_10_10_x86_64.whl", hash = "sha256:a507db7758953b1b170c4310691a1a89877029b1e11b08ba5fc8ae3ddb35596b"},
    {file = "psycopg2_binary-2.9.2-cp37-cp37m-manylinux_2_17_i686.manylinux2014_i686.whl", hash = "sha256:2e4bbcfb403221ea1953f3e0a85cef00ed15c1683a66cf35c956a7e37c33a4c4"},
    {file = "psycopg2_binary-2.9.2-cp37-cp37m-manylinux_2_17_x86_64.manylinux2014_x86_64.whl", hash = "sha256:f4dff0f15af6936c6fe6da7067b4216edbbe076ad8625da819cc066591b1133c"},
    {file = "psycopg2_binary-2.9.2-cp37-cp37m-manylinux_2_24_aarch64.whl", hash = "sha256:8d2aafe46eb87742425ece38130510fbb035787ee89a329af299029c4d9ae318"},
    {file = "psycopg2_binary-2.9.2-cp37-cp37m-manylinux_2_24_ppc64le.whl", hash = "sha256:37c8f00f7a2860bac9f7a54f03c243fc1dd9b367e5b2b52f5a02e5f4e9d8c49b"},
    {file = "psycopg2_binary-2.9.2-cp37-cp37m-win32.whl", hash = "sha256:ef97578fab5115e3af4334dd3376dea3c3a79328a3314b21ec7ced02920b916d"},
    {file = "psycopg2_binary-2.9.2-cp37-cp37m-win_amd64.whl", hash = "sha256:7e6bd4f532c2cd297b81114526176b240109a1c52020adca69c3f3226c65dc18"},
    {file = "psycopg2_binary-2.9.2-cp38-cp38-macosx_10_14_x86_64.macosx_10_9_intel.macosx_10_9_x86_64.macosx_10_10_intel.macosx_10_10_x86_64.whl", hash = "sha256:eeee7b18c51d02e49bf1984d7af26e8843fe68e31fa1cbab5366ebdfa1c89ade"},
    {file = "psycopg2_binary-2.9.2-cp38-cp38-manylinux_2_17_i686.manylinux2014_i686.whl", hash = "sha256:497372cc76e6cbce2f51b37be141f360a321423c03eb9be45524b1d123f4cd11"},
    {file = "psycopg2_binary-2.9.2-cp38-cp38-manylinux_2_17_x86_64.manylinux2014_x86_64.whl", hash = "sha256:5671699aff57d22a245b7f4bba89e3de97dc841c5e98bd7f685429b2b20eca47"},
    {file = "psycopg2_binary-2.9.2-cp38-cp38-manylinux_2_24_aarch64.whl", hash = "sha256:b9d45374ba98c1184df9cce93a0b766097544f8bdfcd5de83ff10f939c193125"},
    {file = "psycopg2_binary-2.9.2-cp38-cp38-manylinux_2_24_ppc64le.whl", hash = "sha256:a1852c5bef7e5f52bd43fde5eda610d4df0fb2efc31028150933e84b4140d47a"},
    {file = "psycopg2_binary-2.9.2-cp38-cp38-win32.whl", hash = "sha256:108b0380969ddab7c8ef2a813a57f87b308b2f88ec15f1a1e7b653964a3cfb25"},
    {file = "psycopg2_binary-2.9.2-cp38-cp38-win_amd64.whl", hash = "sha256:14427437117f38e65f71db65d8eafd0e86837be456567798712b8da89db2b2dd"},
    {file = "psycopg2_binary-2.9.2-cp39-cp39-macosx_10_14_x86_64.macosx_10_9_intel.macosx_10_9_x86_64.macosx_10_10_intel.macosx_10_10_x86_64.whl", hash = "sha256:578c279cd1ce04f05ae0912530ece00bab92854911808e5aec27588aba87e361"},
    {file = "psycopg2_binary-2.9.2-cp39-cp39-manylinux_2_17_i686.manylinux2014_i686.whl", hash = "sha256:4c2dea4deac3dd3687e32daeb0712ee96c535970dfdded37a11de6a21145ab0e"},
    {file = "psycopg2_binary-2.9.2-cp39-cp39-manylinux_2_17_x86_64.manylinux2014_x86_64.whl", hash = "sha256:b592f09ff18cfcc9037b9a976fcd62db48cae9dbd5385f2471d4c2ba40c52b4d"},
    {file = "psycopg2_binary-2.9.2-cp39-cp39-manylinux_2_24_aarch64.whl", hash = "sha256:3a320e7a804f3886a599fea507364aaafbb8387027fffcdfbd34d96316c806c7"},
    {file = "psycopg2_binary-2.9.2-cp39-cp39-manylinux_2_24_ppc64le.whl", hash = "sha256:7585ca73dcfe326f31fafa8f96e6bb98ea9e9e46c7a1924ec8101d797914ae27"},
    {file = "psycopg2_binary-2.9.2-cp39-cp39-win32.whl", hash = "sha256:9c0aaad07941419926b9bd00171e49fe6b06e42e5527fb91671e137fe6c93d77"},
    {file = "psycopg2_binary-2.9.2-cp39-cp39-win_amd64.whl", hash = "sha256:aa2847d8073951dbc84c4f8b32c620764db3c2eb0d99a04835fecfab7d04816e"},
]
pyjwt = [
    {file = "PyJWT-2.3.0-py3-none-any.whl", hash = "sha256:e0c4bb8d9f0af0c7f5b1ec4c5036309617d03d56932877f2f7a0beeb5318322f"},
    {file = "PyJWT-2.3.0.tar.gz", hash = "sha256:b888b4d56f06f6dcd777210c334e69c737be74755d3e5e9ee3fe67dc18a0ee41"},
]
python-dateutil = [
    {file = "python-dateutil-2.8.2.tar.gz", hash = "sha256:0123cacc1627ae19ddf3c27a5de5bd67ee4586fbdd6440d9748f8abb483d3e86"},
    {file = "python_dateutil-2.8.2-py2.py3-none-any.whl", hash = "sha256:961d03dc3453ebbc59dbdea9e4e11c5651520a876d0f4db161e8674aae935da9"},
]
python-dotenv = [
    {file = "python-dotenv-0.19.2.tar.gz", hash = "sha256:a5de49a31e953b45ff2d2fd434bbc2670e8db5273606c1e737cc6b93eff3655f"},
    {file = "python_dotenv-0.19.2-py2.py3-none-any.whl", hash = "sha256:32b2bdc1873fd3a3c346da1c6db83d0053c3c62f28f1f38516070c4c8971b1d3"},
]
python-slugify = [
    {file = "python-slugify-5.0.2.tar.gz", hash = "sha256:f13383a0b9fcbe649a1892b9c8eb4f8eab1d6d84b84bb7a624317afa98159cab"},
    {file = "python_slugify-5.0.2-py2.py3-none-any.whl", hash = "sha256:6d8c5df75cd4a7c3a2d21e257633de53f52ab0265cd2d1dc62a730e8194a7380"},
]
pytz = [
    {file = "pytz-2021.3-py2.py3-none-any.whl", hash = "sha256:3672058bc3453457b622aab7a1c3bfd5ab0bdae451512f6cf25f64ed37f5b87c"},
    {file = "pytz-2021.3.tar.gz", hash = "sha256:acad2d8b20a1af07d4e4c9d2e9285c5ed9104354062f275f3fcd88dcef4f1326"},
]
requests = [
    {file = "requests-2.26.0-py2.py3-none-any.whl", hash = "sha256:6c1246513ecd5ecd4528a0906f910e8f0f9c6b8ec72030dc9fd154dc1a6efd24"},
    {file = "requests-2.26.0.tar.gz", hash = "sha256:b8aa58f8cf793ffd8782d3d8cb19e66ef36f7aba4353eec859e74678b01b07a7"},
]
s3transfer = [
    {file = "s3transfer-0.5.0-py3-none-any.whl", hash = "sha256:9c1dc369814391a6bda20ebbf4b70a0f34630592c9aa520856bf384916af2803"},
    {file = "s3transfer-0.5.0.tar.gz", hash = "sha256:50ed823e1dc5868ad40c8dc92072f757aa0e653a192845c94a3b676f4a62da4c"},
]
six = [
    {file = "six-1.16.0-py2.py3-none-any.whl", hash = "sha256:8abb2f1d86890a2dfb989f9a77cfcfd3e47c2a354b01111771326f8aa26e0254"},
    {file = "six-1.16.0.tar.gz", hash = "sha256:1e61c37477a1626458e36f7b1d82aa5c9b094fa4802892072e49de9c60c4c926"},
]
sqlparse = [
    {file = "sqlparse-0.4.2-py3-none-any.whl", hash = "sha256:48719e356bb8b42991bdbb1e8b83223757b93789c00910a616a071910ca4a64d"},
    {file = "sqlparse-0.4.2.tar.gz", hash = "sha256:0c00730c74263a94e5a9919ade150dfc3b19c574389985446148402998287dae"},
]
text-unidecode = [
    {file = "text-unidecode-1.3.tar.gz", hash = "sha256:bad6603bb14d279193107714b288be206cac565dfa49aa5b105294dd5c4aab93"},
    {file = "text_unidecode-1.3-py2.py3-none-any.whl", hash = "sha256:1311f10e8b895935241623731c2ba64f4c455287888b18189350b67134a822e8"},
]
urllib3 = [
    {file = "urllib3-1.26.7-py2.py3-none-any.whl", hash = "sha256:c4fdf4019605b6e5423637e01bc9fe4daef873709a7973e195ceba0a62bbc844"},
    {file = "urllib3-1.26.7.tar.gz", hash = "sha256:4987c65554f7a2dbf30c18fd48778ef124af6fab771a377103da0585e2336ece"},
]
